
Microsoft Visual Studio Solution File, Format Version 12.00
# Visual Studio Version 17
VisualStudioVersion = 17.3.32929.385
MinimumVisualStudioVersion = 10.0.40219.1
Project("{FAE04EC0-301F-11D3-BF4B-00C04F79EFBC}") = "EmployeeManagement", "EmployeeManagement\EmployeeManagement.csproj", "{2453DE64-8233-4365-90BC-1568AE12A4D3}"
EndProject
Global
	GlobalSection(SolutionConfigurationPlatforms) = preSolution
		Debug|Any CPU = Debug|Any CPU
		Release|Any CPU = Release|Any CPU
	EndGlobalSection
	GlobalSection(ProjectConfigurationPlatforms) = postSolution
		{2453DE64-8233-4365-90BC-1568AE12A4D3}.Debug|Any CPU.ActiveCfg = Debug|Any CPU
		{2453DE64-8233-4365-90BC-1568AE12A4D3}.Debug|Any CPU.Build.0 = Debug|Any CPU
		{2453DE64-8233-4365-90BC-1568AE12A4D3}.Release|Any CPU.ActiveCfg = Release|Any CPU
		{2453DE64-8233-4365-90BC-1568AE12A4D3}.Release|Any CPU.Build.0 = Release|Any CPU
	EndGlobalSection
	GlobalSection(SolutionProperties) = preSolution
		HideSolutionNode = FALSE
	EndGlobalSection
	GlobalSection(ExtensibilityGlobals) = postSolution
		SolutionGuid = {F2DC2BB3-98FA-442B-AE79-C28548C6E73A}
	EndGlobalSection
EndGlobal
